PODS:
  - EMVoiceConvert (0.1.0)
  - HyphenateLite (3.7.3)
  - Masonry (1.1.0)

DEPENDENCIES:
  - EMVoiceConvert (~> 0.1.0)
  - HyphenateLite
  - Masonry

SPEC REPOS:
  trunk:
    - EMVoiceConvert
    - HyphenateLite
    - Masonry

SPEC CHECKSUMS:
  EMVoiceConvert: 32a0eaada94d93c151a5abd53ee174cd4e63b01f
  HyphenateLite: 9b3b92e98d743ef45a1738b0396674eb84b17cad
  Masonry: 678fab65091a9290e40e2832a55e7ab731aad201

PODFILE CHECKSUM: fba7c99c7f449813ecf80d1f9595693433f8e8db

COCOAPODS: 1.10.0
