PODS:
  - EMVoiceConvert (0.1.0)
  - HyphenateLite (3.7.4)
  - Masonry (1.1.0)

DEPENDENCIES:
  - EMVoiceConvert (~> 0.1.0)
  - HyphenateLite
  - Masonry

SPEC REPOS:
  trunk:
    - EMVoiceConvert
    - HyphenateLite
    - Masonry

SPEC CHECKSUMS:
  EMVoiceConvert: 32a0eaada94d93c151a5abd53ee174cd4e63b01f
  HyphenateLite: 7bf338541cf52d4977d9adb90290d2d9ac72a441
  Masonry: 678fab65091a9290e40e2832a55e7ab731aad201

PODFILE CHECKSUM: 7be474cfde46604f719f7f761fa596702b4848df

COCOAPODS: 1.10.0
