PODS:
  - EaseIMKit (3.8.8):
    - EMVoiceConvert (= 0.1.0)
    - HyphenateChat
  - EMVoiceConvert (0.1.0)
  - HyphenateChat (3.8.8)
  - Masonry (1.1.0)

DEPENDENCIES:
  - EaseIMKit (from `../`)
  - HyphenateChat
  - Masonry

SPEC REPOS:
  trunk:
    - EMVoiceConvert
    - HyphenateChat
    - Masonry

EXTERNAL SOURCES:
  EaseIMKit:
    :path: "../"

SPEC CHECKSUMS:
  EaseIMKit: 6e26eac4cf9830b079d2e0a340f3b0b556ef4007
  EMVoiceConvert: 32a0eaada94d93c151a5abd53ee174cd4e63b01f
  HyphenateChat: ba6458387d651dd49e553de47c2c2b9599ac667c
  Masonry: 678fab65091a9290e40e2832a55e7ab731aad201

PODFILE CHECKSUM: d8d2b4fc9a38b2ee06941eecb6f3f8c27f8af07a

COCOAPODS: 1.10.2
