PODS:
  - EaseIMKit (3.8.9):
    - EMVoiceConvert (= 0.1.0)
    - HyphenateChat
  - EMVoiceConvert (0.1.0)
  - HyphenateChat (3.8.9.1)
  - Masonry (1.1.0)

DEPENDENCIES:
  - EaseIMKit (from `../`)
  - HyphenateChat
  - Masonry

SPEC REPOS:
  trunk:
    - EMVoiceConvert
    - HyphenateChat
    - Masonry

EXTERNAL SOURCES:
  EaseIMKit:
    :path: "../"

SPEC CHECKSUMS:
  EaseIMKit: 45e07841ceee506dff3d155f0404c81b1296f80d
  EMVoiceConvert: 32a0eaada94d93c151a5abd53ee174cd4e63b01f
  HyphenateChat: 39368eba0957efd32b01fc31b35c656d03ce9ba1
  Masonry: 678fab65091a9290e40e2832a55e7ab731aad201

PODFILE CHECKSUM: 7ccde5bcc9046dc7cc8e3135cc3215e3d8e72d31

COCOAPODS: 1.10.1
